// !$*UTF8*$!
{
	archiveVersion = 1;
	classes = {
	};
	objectVersion = 51;
	objects = {

/* Begin PBXBuildFile section */
		2B693092B94779503D2E1217 /* Pods_SampleApp.framework in Frameworks */ = {isa = PBXBuildFile; fileRef = A67C32793B40B549F2A97F5F /* Pods_SampleApp.framework */; };
		61342C5025B0457800B4D0F9 /* MainStoryboard.storyboard in Resources */ = {isa = PBXBuildFile; fileRef = 61342C4F25B0457800B4D0F9 /* MainStoryboard.storyboard */; };
		61342C5225B045DB00B4D0F9 /* InitialViewController.swift in Sources */ = {isa = PBXBuildFile; fileRef = 61342C5125B045DB00B4D0F9 /* InitialViewController.swift */; };
		61342C5625B0521300B4D0F9 /* DutyViewController.swift in Sources */ = {isa = PBXBuildFile; fileRef = 61342C5525B0521300B4D0F9 /* DutyViewController.swift */; };
		615D6EF2258B86BC00D11038 /* AppDelegate.swift in Sources */ = {isa = PBXBuildFile; fileRef = 615D6EF1258B86BC00D11038 /* AppDelegate.swift */; };
		615D6EF8258B86BD00D11038 /* Assets.xcassets in Resources */ = {isa = PBXBuildFile; fileRef = 615D6EF7258B86BD00D11038 /* Assets.xcassets */; };
		615D6EFE258B86BD00D11038 /* LaunchScreen.storyboard in Resources */ = {isa = PBXBuildFile; fileRef = 615D6EFC258B86BD00D11038 /* LaunchScreen.storyboard */; };
		619B4FD625B0A63B00CC4C5F /* OffDutyViewController.swift in Sources */ = {isa = PBXBuildFile; fileRef = 619B4FD525B0A63A00CC4C5F /* OffDutyViewController.swift */; };
		619B4FD925B0B94600CC4C5F /* TasksViewController.swift in Sources */ = {isa = PBXBuildFile; fileRef = 619B4FD725B0A64A00CC4C5F /* TasksViewController.swift */; };
		61A066E3263AF931005D110C /* TaskViewController.swift in Sources */ = {isa = PBXBuildFile; fileRef = 61A066E2263AF931005D110C /* TaskViewController.swift */; };
		61D10CD9263ABB9100D384A3 /* ActivityShowing.swift in Sources */ = {isa = PBXBuildFile; fileRef = 61D10CD8263ABB9100D384A3 /* ActivityShowing.swift */; };
		61D10D19263AD99800D384A3 /* TaskTableViewCell.swift in Sources */ = {isa = PBXBuildFile; fileRef = 61D10D18263AD99800D384A3 /* TaskTableViewCell.swift */; };
/* End PBXBuildFile section */

/* Begin PBXCopyFilesBuildPhase section */
		615D6F48258B88CF00D11038 /* Embed Frameworks */ = {
			isa = PBXCopyFilesBuildPhase;
			buildActionMask = 2147483647;
			dstPath = "";
			dstSubfolderSpec = 10;
			files = (
			);
			name = "Embed Frameworks";
			runOnlyForDeploymentPostprocessing = 0;
		};
/* End PBXCopyFilesBuildPhase section */

/* Begin PBXFileReference section */
		5DEF903CE070E132E9C1B000 /* Pods-SampleApp.release.xcconfig */ = {isa = PBXFileReference; includeInIndex = 1; lastKnownFileType = text.xcconfig; name = "Pods-SampleApp.release.xcconfig"; path = "Target Support Files/Pods-SampleApp/Pods-SampleApp.release.xcconfig"; sourceTree = "<group>"; };
		61342C4F25B0457800B4D0F9 /* MainStoryboard.storyboard */ = {isa = PBXFileReference; lastKnownFileType = file.storyboard; path = MainStoryboard.storyboard; sourceTree = "<group>"; };
		61342C5125B045DB00B4D0F9 /* InitialViewController.swift */ = {isa = PBXFileReference; lastKnownFileType = sourcecode.swift; path = InitialViewController.swift; sourceTree = "<group>"; };
		61342C5525B0521300B4D0F9 /* DutyViewController.swift */ = {isa = PBXFileReference; lastKnownFileType = sourcecode.swift; path = DutyViewController.swift; sourceTree = "<group>"; };
		615D6EEE258B86BC00D11038 /* SampleApp.app */ = {isa = PBXFileReference; explicitFileType = wrapper.application; includeInIndex = 0; path = SampleApp.app; sourceTree = BUILT_PRODUCTS_DIR; };
		615D6EF1258B86BC00D11038 /* AppDelegate.swift */ = {isa = PBXFileReference; lastKnownFileType = sourcecode.swift; path = AppDelegate.swift; sourceTree = "<group>"; };
		615D6EF7258B86BD00D11038 /* Assets.xcassets */ = {isa = PBXFileReference; lastKnownFileType = folder.assetcatalog; path = Assets.xcassets; sourceTree = "<group>"; };
		615D6EFD258B86BD00D11038 /* Base */ = {isa = PBXFileReference; lastKnownFileType = file.storyboard; name = Base; path = Base.lproj/LaunchScreen.storyboard; sourceTree = "<group>"; };
		615D6EFF258B86BD00D11038 /* Info.plist */ = {isa = PBXFileReference; lastKnownFileType = text.plist.xml; path = Info.plist; sourceTree = "<group>"; };
		619B4FD525B0A63A00CC4C5F /* OffDutyViewController.swift */ = {isa = PBXFileReference; lastKnownFileType = sourcecode.swift; path = OffDutyViewController.swift; sourceTree = "<group>"; };
		619B4FD725B0A64A00CC4C5F /* TasksViewController.swift */ = {isa = PBXFileReference; lastKnownFileType = sourcecode.swift; path = TasksViewController.swift; sourceTree = "<group>"; };
		61A066E2263AF931005D110C /* TaskViewController.swift */ = {isa = PBXFileReference; lastKnownFileType = sourcecode.swift; path = TaskViewController.swift; sourceTree = "<group>"; };
		61A090FC2726F3B3003C5B39 /* SampleApp.entitlements */ = {isa = PBXFileReference; lastKnownFileType = text.plist.entitlements; path = SampleApp.entitlements; sourceTree = "<group>"; };
		61D10CD8263ABB9100D384A3 /* ActivityShowing.swift */ = {isa = PBXFileReference; lastKnownFileType = sourcecode.swift; path = ActivityShowing.swift; sourceTree = "<group>"; };
		61D10D18263AD99800D384A3 /* TaskTableViewCell.swift */ = {isa = PBXFileReference; lastKnownFileType = sourcecode.swift; path = TaskTableViewCell.swift; sourceTree = "<group>"; };
		6DC60A8279C377CEDEE831E8 /* Pods-SampleApp.debug.xcconfig */ = {isa = PBXFileReference; includeInIndex = 1; lastKnownFileType = text.xcconfig; name = "Pods-SampleApp.debug.xcconfig"; path = "Target Support Files/Pods-SampleApp/Pods-SampleApp.debug.xcconfig"; sourceTree = "<group>"; };
		A67C32793B40B549F2A97F5F /* Pods_SampleApp.framework */ = {isa = PBXFileReference; explicitFileType = wrapper.framework; includeInIndex = 0; path = Pods_SampleApp.framework; sourceTree = BUILT_PRODUCTS_DIR; };
/* End PBXFileReference section */

/* Begin PBXFrameworksBuildPhase section */
		615D6EEB258B86BC00D11038 /* Frameworks */ = {
			isa = PBXFrameworksBuildPhase;
			buildActionMask = 2147483647;
			files = (
				2B693092B94779503D2E1217 /* Pods_SampleApp.framework in Frameworks */,
			);
			runOnlyForDeploymentPostprocessing = 0;
		};
/* End PBXFrameworksBuildPhase section */

/* Begin PBXGroup section */
		15B844F909920A367C9EB502 /* Pods */ = {
			isa = PBXGroup;
			children = (
				6DC60A8279C377CEDEE831E8 /* Pods-SampleApp.debug.xcconfig */,
				5DEF903CE070E132E9C1B000 /* Pods-SampleApp.release.xcconfig */,
			);
			path = Pods;
			sourceTree = "<group>";
		};
		5AF565A87A8828268E185935 /* Frameworks */ = {
			isa = PBXGroup;
			children = (
				A67C32793B40B549F2A97F5F /* Pods_SampleApp.framework */,
			);
			name = Frameworks;
			sourceTree = "<group>";
		};
		615D6EE5258B86BC00D11038 = {
			isa = PBXGroup;
			children = (
				615D6EF0258B86BC00D11038 /* SampleApp */,
				615D6EEF258B86BC00D11038 /* Products */,
				15B844F909920A367C9EB502 /* Pods */,
				5AF565A87A8828268E185935 /* Frameworks */,
			);
			sourceTree = "<group>";
		};
		615D6EEF258B86BC00D11038 /* Products */ = {
			isa = PBXGroup;
			children = (
				615D6EEE258B86BC00D11038 /* SampleApp.app */,
			);
			name = Products;
			sourceTree = "<group>";
		};
		615D6EF0258B86BC00D11038 /* SampleApp */ = {
			isa = PBXGroup;
			children = (
				61A090FC2726F3B3003C5B39 /* SampleApp.entitlements */,
				615D6EF1258B86BC00D11038 /* AppDelegate.swift */,
				61342C5125B045DB00B4D0F9 /* InitialViewController.swift */,
				61342C5525B0521300B4D0F9 /* DutyViewController.swift */,
				619B4FD525B0A63A00CC4C5F /* OffDutyViewController.swift */,
				61D10D17263AD97800D384A3 /* Tasks */,
				61A066E1263AF91F005D110C /* Task */,
				61D10CD7263ABB8500D384A3 /* Helpers */,
				615D6EF7258B86BD00D11038 /* Assets.xcassets */,
				61342C4F25B0457800B4D0F9 /* MainStoryboard.storyboard */,
				615D6EFC258B86BD00D11038 /* LaunchScreen.storyboard */,
				615D6EFF258B86BD00D11038 /* Info.plist */,
			);
			path = SampleApp;
			sourceTree = "<group>";
		};
		61A066E1263AF91F005D110C /* Task */ = {
			isa = PBXGroup;
			children = (
				61A066E2263AF931005D110C /* TaskViewController.swift */,
			);
			path = Task;
			sourceTree = "<group>";
		};
		61D10CD7263ABB8500D384A3 /* Helpers */ = {
			isa = PBXGroup;
			children = (
				61D10CD8263ABB9100D384A3 /* ActivityShowing.swift */,
			);
			path = Helpers;
			sourceTree = "<group>";
		};
		61D10D17263AD97800D384A3 /* Tasks */ = {
			isa = PBXGroup;
			children = (
				619B4FD725B0A64A00CC4C5F /* TasksViewController.swift */,
				61D10D18263AD99800D384A3 /* TaskTableViewCell.swift */,
			);
			path = Tasks;
			sourceTree = "<group>";
		};
/* End PBXGroup section */

/* Begin PBXNativeTarget section */
		615D6EED258B86BC00D11038 /* SampleApp */ = {
			isa = PBXNativeTarget;
			buildConfigurationList = 615D6F02258B86BD00D11038 /* Build configuration list for PBXNativeTarget "SampleApp" */;
			buildPhases = (
				6A4FBE53C7C1CBE3A15C5797 /* [CP] Check Pods Manifest.lock */,
				615D6EEA258B86BC00D11038 /* Sources */,
				615D6EEB258B86BC00D11038 /* Frameworks */,
				615D6EEC258B86BC00D11038 /* Resources */,
				615D6F48258B88CF00D11038 /* Embed Frameworks */,
				BCFB368851437ECC4D1AC46A /* [CP] Embed Pods Frameworks */,
			);
			buildRules = (
			);
			dependencies = (
			);
			name = SampleApp;
			productName = SampleApp;
			productReference = 615D6EEE258B86BC00D11038 /* SampleApp.app */;
			productType = "com.apple.product-type.application";
		};
/* End PBXNativeTarget section */

/* Begin PBXProject section */
		615D6EE6258B86BC00D11038 /* Project object */ = {
			isa = PBXProject;
			attributes = {
				LastSwiftUpdateCheck = 1230;
				LastUpgradeCheck = 1230;
				ORGANIZATIONNAME = "Onfleet Inc";
				TargetAttributes = {
					615D6EED258B86BC00D11038 = {
						CreatedOnToolsVersion = 12.3;
					};
				};
			};
			buildConfigurationList = 615D6EE9258B86BC00D11038 /* Build configuration list for PBXProject "SampleApp" */;
			compatibilityVersion = "Xcode 9.3";
			developmentRegion = en;
			hasScannedForEncodings = 0;
			knownRegions = (
				en,
				Base,
			);
			mainGroup = 615D6EE5258B86BC00D11038;
			productRefGroup = 615D6EEF258B86BC00D11038 /* Products */;
			projectDirPath = "";
			projectRoot = "";
			targets = (
				615D6EED258B86BC00D11038 /* SampleApp */,
			);
		};
/* End PBXProject section */

/* Begin PBXResourcesBuildPhase section */
		615D6EEC258B86BC00D11038 /* Resources */ = {
			isa = PBXResourcesBuildPhase;
			buildActionMask = 2147483647;
			files = (
				61342C5025B0457800B4D0F9 /* MainStoryboard.storyboard in Resources */,
				615D6EFE258B86BD00D11038 /* LaunchScreen.storyboard in Resources */,
				615D6EF8258B86BD00D11038 /* Assets.xcassets in Resources */,
			);
			runOnlyForDeploymentPostprocessing = 0;
		};
/* End PBXResourcesBuildPhase section */

/* Begin PBXShellScriptBuildPhase section */
		6A4FBE53C7C1CBE3A15C5797 /* [CP] Check Pods Manifest.lock */ = {
			isa = PBXShellScriptBuildPhase;
			buildActionMask = 2147483647;
			files = (
			);
			inputFileListPaths = (
			);
			inputPaths = (
				"${PODS_PODFILE_DIR_PATH}/Podfile.lock",
				"${PODS_ROOT}/Manifest.lock",
			);
			name = "[CP] Check Pods Manifest.lock";
			outputFileListPaths = (
			);
			outputPaths = (
				"$(DERIVED_FILE_DIR)/Pods-SampleApp-checkManifestLockResult.txt",
			);
			runOnlyForDeploymentPostprocessing = 0;
			shellPath = /bin/sh;
			shellScript = "diff \"${PODS_PODFILE_DIR_PATH}/Podfile.lock\" \"${PODS_ROOT}/Manifest.lock\" > /dev/null\nif [ $? != 0 ] ; then\n    # print error to STDERR\n    echo \"error: The sandbox is not in sync with the Podfile.lock. Run 'pod install' or update your CocoaPods installation.\" >&2\n    exit 1\nfi\n# This output is used by Xcode 'outputs' to avoid re-running this script phase.\necho \"SUCCESS\" > \"${SCRIPT_OUTPUT_FILE_0}\"\n";
			showEnvVarsInLog = 0;
		};
		BCFB368851437ECC4D1AC46A /* [CP] Embed Pods Frameworks */ = {
			isa = PBXShellScriptBuildPhase;
			buildActionMask = 2147483647;
			files = (
			);
			inputFileListPaths = (
				"${PODS_ROOT}/Target Support Files/Pods-SampleApp/Pods-SampleApp-frameworks-${CONFIGURATION}-input-files.xcfilelist",
			);
			name = "[CP] Embed Pods Frameworks";
			outputFileListPaths = (
				"${PODS_ROOT}/Target Support Files/Pods-SampleApp/Pods-SampleApp-frameworks-${CONFIGURATION}-output-files.xcfilelist",
			);
			runOnlyForDeploymentPostprocessing = 0;
			shellPath = /bin/sh;
			shellScript = "\"${PODS_ROOT}/Target Support Files/Pods-SampleApp/Pods-SampleApp-frameworks.sh\"\n";
			showEnvVarsInLog = 0;
		};
/* End PBXShellScriptBuildPhase section */

/* Begin PBXSourcesBuildPhase section */
		615D6EEA258B86BC00D11038 /* Sources */ = {
			isa = PBXSourcesBuildPhase;
			buildActionMask = 2147483647;
			files = (
				61D10D19263AD99800D384A3 /* TaskTableViewCell.swift in Sources */,
				615D6EF2258B86BC00D11038 /* AppDelegate.swift in Sources */,
				61342C5225B045DB00B4D0F9 /* InitialViewController.swift in Sources */,
				619B4FD925B0B94600CC4C5F /* TasksViewController.swift in Sources */,
				619B4FD625B0A63B00CC4C5F /* OffDutyViewController.swift in Sources */,
				61A066E3263AF931005D110C /* TaskViewController.swift in Sources */,
				61D10CD9263ABB9100D384A3 /* ActivityShowing.swift in Sources */,
				61342C5625B0521300B4D0F9 /* DutyViewController.swift in Sources */,
			);
			runOnlyForDeploymentPostprocessing = 0;
		};
/* End PBXSourcesBuildPhase section */

/* Begin PBXVariantGroup section */
		615D6EFC258B86BD00D11038 /* LaunchScreen.storyboard */ = {
			isa = PBXVariantGroup;
			children = (
				615D6EFD258B86BD00D11038 /* Base */,
			);
			name = LaunchScreen.storyboard;
			sourceTree = "<group>";
		};
/* End PBXVariantGroup section */

/* Begin XCBuildConfiguration section */
		615D6F00258B86BD00D11038 /* Debug */ = {
			isa = XCBuildConfiguration;
			buildSettings = {
				ALWAYS_SEARCH_USER_PATHS = NO;
				CLANG_ANALYZER_NONNULL = YES;
				CLANG_ANALYZER_NUMBER_OBJECT_CONVERSION = YES_AGGRESSIVE;
				CLANG_CXX_LANGUAGE_STANDARD = "gnu++14";
				CLANG_CXX_LIBRARY = "libc++";
				CLANG_ENABLE_MODULES = YES;
				CLANG_ENABLE_OBJC_ARC = YES;
				CLANG_ENABLE_OBJC_WEAK = YES;
				CLANG_WARN_BLOCK_CAPTURE_AUTORELEASING = YES;
				CLANG_WARN_BOOL_CONVERSION = YES;
				CLANG_WARN_COMMA = YES;
				CLANG_WARN_CONSTANT_CONVERSION = YES;
				CLANG_WARN_DEPRECATED_OBJC_IMPLEMENTATIONS = YES;
				CLANG_WARN_DIRECT_OBJC_ISA_USAGE = YES_ERROR;
				CLANG_WARN_DOCUMENTATION_COMMENTS = YES;
				CLANG_WARN_EMPTY_BODY = YES;
				CLANG_WARN_ENUM_CONVERSION = YES;
				CLANG_WARN_INFINITE_RECURSION = YES;
				CLANG_WARN_INT_CONVERSION = YES;
				CLANG_WARN_NON_LITERAL_NULL_CONVERSION = YES;
				CLANG_WARN_OBJC_IMPLICIT_RETAIN_SELF = YES;
				CLANG_WARN_OBJC_LITERAL_CONVERSION = YES;
				CLANG_WARN_OBJC_ROOT_CLASS = YES_ERROR;
				CLANG_WARN_QUOTED_INCLUDE_IN_FRAMEWORK_HEADER = YES;
				CLANG_WARN_RANGE_LOOP_ANALYSIS = YES;
				CLANG_WARN_STRICT_PROTOTYPES = YES;
				CLANG_WARN_SUSPICIOUS_MOVE = YES;
				CLANG_WARN_UNGUARDED_AVAILABILITY = YES_AGGRESSIVE;
				CLANG_WARN_UNREACHABLE_CODE = YES;
				CLANG_WARN__DUPLICATE_METHOD_MATCH = YES;
				COPY_PHASE_STRIP = NO;
				DEBUG_INFORMATION_FORMAT = dwarf;
				ENABLE_STRICT_OBJC_MSGSEND = YES;
				ENABLE_TESTABILITY = YES;
				GCC_C_LANGUAGE_STANDARD = gnu11;
				GCC_DYNAMIC_NO_PIC = NO;
				GCC_NO_COMMON_BLOCKS = YES;
				GCC_OPTIMIZATION_LEVEL = 0;
				GCC_PREPROCESSOR_DEFINITIONS = (
					"DEBUG=1",
					"$(inherited)",
				);
				GCC_WARN_64_TO_32_BIT_CONVERSION = YES;
				GCC_WARN_ABOUT_RETURN_TYPE = YES_ERROR;
				GCC_WARN_UNDECLARED_SELECTOR = YES;
				GCC_WARN_UNINITIALIZED_AUTOS = YES_AGGRESSIVE;
				GCC_WARN_UNUSED_FUNCTION = YES;
				GCC_WARN_UNUSED_VARIABLE = YES;
				IPHONEOS_DEPLOYMENT_TARGET = 14.3;
				MTL_ENABLE_DEBUG_INFO = INCLUDE_SOURCE;
				MTL_FAST_MATH = YES;
				ONLY_ACTIVE_ARCH = YES;
				SDKROOT = iphoneos;
				SWIFT_ACTIVE_COMPILATION_CONDITIONS = DEBUG;
				SWIFT_OPTIMIZATION_LEVEL = "-Onone";
			};
			name = Debug;
		};
		615D6F01258B86BD00D11038 /* Release */ = {
			isa = XCBuildConfiguration;
			buildSettings = {
				ALWAYS_SEARCH_USER_PATHS = NO;
				CLANG_ANALYZER_NONNULL = YES;
				CLANG_ANALYZER_NUMBER_OBJECT_CONVERSION = YES_AGGRESSIVE;
				CLANG_CXX_LANGUAGE_STANDARD = "gnu++14";
				CLANG_CXX_LIBRARY = "libc++";
				CLANG_ENABLE_MODULES = YES;
				CLANG_ENABLE_OBJC_ARC = YES;
				CLANG_ENABLE_OBJC_WEAK = YES;
				CLANG_WARN_BLOCK_CAPTURE_AUTORELEASING = YES;
				CLANG_WARN_BOOL_CONVERSION = YES;
				CLANG_WARN_COMMA = YES;
				CLANG_WARN_CONSTANT_CONVERSION = YES;
				CLANG_WARN_DEPRECATED_OBJC_IMPLEMENTATIONS = YES;
				CLANG_WARN_DIRECT_OBJC_ISA_USAGE = YES_ERROR;
				CLANG_WARN_DOCUMENTATION_COMMENTS = YES;
				CLANG_WARN_EMPTY_BODY = YES;
				CLANG_WARN_ENUM_CONVERSION = YES;
				CLANG_WARN_INFINITE_RECURSION = YES;
				CLANG_WARN_INT_CONVERSION = YES;
				CLANG_WARN_NON_LITERAL_NULL_CONVERSION = YES;
				CLANG_WARN_OBJC_IMPLICIT_RETAIN_SELF = YES;
				CLANG_WARN_OBJC_LITERAL_CONVERSION = YES;
				CLANG_WARN_OBJC_ROOT_CLASS = YES_ERROR;
				CLANG_WARN_QUOTED_INCLUDE_IN_FRAMEWORK_HEADER = YES;
				CLANG_WARN_RANGE_LOOP_ANALYSIS = YES;
				CLANG_WARN_STRICT_PROTOTYPES = YES;
				CLANG_WARN_SUSPICIOUS_MOVE = YES;
				CLANG_WARN_UNGUARDED_AVAILABILITY = YES_AGGRESSIVE;
				CLANG_WARN_UNREACHABLE_CODE = YES;
				CLANG_WARN__DUPLICATE_METHOD_MATCH = YES;
				COPY_PHASE_STRIP = NO;
				DEBUG_INFORMATION_FORMAT = "dwarf-with-dsym";
				ENABLE_NS_ASSERTIONS = NO;
				ENABLE_STRICT_OBJC_MSGSEND = YES;
				GCC_C_LANGUAGE_STANDARD = gnu11;
				GCC_NO_COMMON_BLOCKS = YES;
				GCC_WARN_64_TO_32_BIT_CONVERSION = YES;
				GCC_WARN_ABOUT_RETURN_TYPE = YES_ERROR;
				GCC_WARN_UNDECLARED_SELECTOR = YES;
				GCC_WARN_UNINITIALIZED_AUTOS = YES_AGGRESSIVE;
				GCC_WARN_UNUSED_FUNCTION = YES;
				GCC_WARN_UNUSED_VARIABLE = YES;
				IPHONEOS_DEPLOYMENT_TARGET = 14.3;
				MTL_ENABLE_DEBUG_INFO = NO;
				MTL_FAST_MATH = YES;
				SDKROOT = iphoneos;
				SWIFT_COMPILATION_MODE = wholemodule;
				SWIFT_OPTIMIZATION_LEVEL = "-O";
				VALIDATE_PRODUCT = YES;
			};
			name = Release;
		};
		615D6F03258B86BD00D11038 /* Debug */ = {
			isa = XCBuildConfiguration;
			baseConfigurationReference = 6DC60A8279C377CEDEE831E8 /* Pods-SampleApp.debug.xcconfig */;
			buildSettings = {
				ASSETCATALOG_COMPILER_APPICON_NAME = AppIcon;
				ASSETCATALOG_COMPILER_GLOBAL_ACCENT_COLOR_NAME = AccentColor;
				CODE_SIGN_ENTITLEMENTS = SampleApp/SampleApp.entitlements;
				CODE_SIGN_STYLE = Automatic;
				DEVELOPMENT_TEAM = K7BVV36H44;
				ENABLE_BITCODE = NO;
				ENABLE_PREVIEWS = NO;
				INFOPLIST_FILE = SampleApp/Info.plist;
				IPHONEOS_DEPLOYMENT_TARGET = 12.0;
				LD_RUNPATH_SEARCH_PATHS = (
					"$(inherited)",
					"@executable_path/Frameworks",
				);
				PRODUCT_BUNDLE_IDENTIFIER = com.onfleet.driver.sampleApp;
				PRODUCT_NAME = "$(TARGET_NAME)";
				SWIFT_VERSION = 5.0;
				TARGETED_DEVICE_FAMILY = "1,2";
			};
			name = Debug;
		};
		615D6F04258B86BD00D11038 /* Release */ = {
			isa = XCBuildConfiguration;
			baseConfigurationReference = 5DEF903CE070E132E9C1B000 /* Pods-SampleApp.release.xcconfig */;
			buildSettings = {
				ASSETCATALOG_COMPILER_APPICON_NAME = AppIcon;
				ASSETCATALOG_COMPILER_GLOBAL_ACCENT_COLOR_NAME = AccentColor;
				CODE_SIGN_ENTITLEMENTS = SampleApp/SampleApp.entitlements;
				CODE_SIGN_STYLE = Automatic;
				DEVELOPMENT_TEAM = K7BVV36H44;
				ENABLE_BITCODE = NO;
				ENABLE_PREVIEWS = NO;
				INFOPLIST_FILE = SampleApp/Info.plist;
				IPHONEOS_DEPLOYMENT_TARGET = 12.0;
				LD_RUNPATH_SEARCH_PATHS = (
					"$(inherited)",
					"@executable_path/Frameworks",
				);
				PRODUCT_BUNDLE_IDENTIFIER = com.onfleet.driver.sampleApp;
				PRODUCT_NAME = "$(TARGET_NAME)";
				SWIFT_VERSION = 5.0;
				TARGETED_DEVICE_FAMILY = "1,2";
			};
			name = Release;
		};
/* End XCBuildConfiguration section */

/* Begin XCConfigurationList section */
		615D6EE9258B86BC00D11038 /* Build configuration list for PBXProject "SampleApp" */ = {
			isa = XCConfigurationList;
			buildConfigurations = (
				615D6F00258B86BD00D11038 /* Debug */,
				615D6F01258B86BD00D11038 /* Release */,
			);
			defaultConfigurationIsVisible = 0;
			defaultConfigurationName = Release;
		};
		615D6F02258B86BD00D11038 /* Build configuration list for PBXNativeTarget "SampleApp" */ = {
			isa = XCConfigurationList;
			buildConfigurations = (
				615D6F03258B86BD00D11038 /* Debug */,
				615D6F04258B86BD00D11038 /* Release */,
			);
			defaultConfigurationIsVisible = 0;
			defaultConfigurationName = Release;
		};
/* End XCConfigurationList section */
	};
	rootObject = 615D6EE6258B86BC00D11038 /* Project object */;
}
